{
  "name": "machine-learning-integration",
  "version": "1.0.1",
  "lockfileVersion": 3,
  "requires": true,
  "packages": {
    "": {
      "name": "machine-learning-integration",
      "version": "1.0.1",
      "license": "MIT",
      "dependencies": {
        "simple-localization-app": "^1.0.1"
      }
    },
    "node_modules/simple-localization-app": {
      "version": "1.0.1",
      "resolved": "https://registry.npmjs.org/simple-localization-app/-/simple-localization-app-1.0.1.tgz",
      "integrity": "sha512-CMGKcu/Zi35un+yxMPkeS1CkjDidqU849+NcVNdWyoWaXg1UOP8WhLI7Pxg+MJBHbKdBrW7/HI4HhJx+DsTbbA=="
    }
  }
}
